// !$*UTF8*$!
{
	archiveVersion = 1;
	classes = {
	};
	objectVersion = 46;
	objects = {

/* Begin PBXBuildFile section */
		2E01D406B1CD05776A09F725 /* Pods_Blur.framework in Frameworks */ = {isa = PBXBuildFile; fileRef = 2136EF20E47E4AE4E9656AC8 /* Pods_Blur.framework */; };
		EE1AB0A01F107CE1009C011E /* Extension.swift in Sources */ = {isa = PBXBuildFile; fileRef = EE1AB09F1F107CE1009C011E /* Extension.swift */; };
		EE1AB0A41F11A530009C011E /* AppHUD.swift in Sources */ = {isa = PBXBuildFile; fileRef = EE1AB0A31F11A530009C011E /* AppHUD.swift */; };
		EE1D2557203D246200AA36C8 /* EditFullNameController.swift in Sources */ = {isa = PBXBuildFile; fileRef = EE1D2556203D246200AA36C8 /* EditFullNameController.swift */; };
		EE1FF2E01F14303A00340F65 /* MainTabBarController.swift in Sources */ = {isa = PBXBuildFile; fileRef = EE1FF2DF1F14303A00340F65 /* MainTabBarController.swift */; };
		EE1FF2E41F144BEB00340F65 /* LoginController.swift in Sources */ = {isa = PBXBuildFile; fileRef = EE1FF2E31F144BEB00340F65 /* LoginController.swift */; };
		EE1FF2E61F14633800340F65 /* Constants.swift in Sources */ = {isa = PBXBuildFile; fileRef = EE1FF2E51F14633800340F65 /* Constants.swift */; };
		EE22F8D120462BD1007F516D /* AnimationHelper.swift in Sources */ = {isa = PBXBuildFile; fileRef = EE22F8D020462BD1007F516D /* AnimationHelper.swift */; };
		EE22F8D320462C11007F516D /* NotificationHelper.swift in Sources */ = {isa = PBXBuildFile; fileRef = EE22F8D220462C11007F516D /* NotificationHelper.swift */; };
		EE26D7541F8F59F50059AA61 /* HomeChatCell.swift in Sources */ = {isa = PBXBuildFile; fileRef = EE26D7531F8F59F50059AA61 /* HomeChatCell.swift */; };
		EE29A355201AEBFC00EA6112 /* ControlItemView.swift in Sources */ = {isa = PBXBuildFile; fileRef = EE29A354201AEBFC00EA6112 /* ControlItemView.swift */; };
		EE29A357201AF17A00EA6112 /* ControlItemInfo.swift in Sources */ = {isa = PBXBuildFile; fileRef = EE29A356201AF17A00EA6112 /* ControlItemInfo.swift */; };
		EE334802206B2F3600B18E54 /* AppContactConroller.swift in Sources */ = {isa = PBXBuildFile; fileRef = EE334801206B2F3600B18E54 /* AppContactConroller.swift */; };
		EE33B3E81FD2430C000816D0 /* ChooseUserNameController.swift in Sources */ = {isa = PBXBuildFile; fileRef = EE33B3E71FD2430C000816D0 /* ChooseUserNameController.swift */; };
		EE33EF50204CD8D90074B2BD /* XWEmojiView.swift in Sources */ = {isa = PBXBuildFile; fileRef = EE33EF4F204CD8D90074B2BD /* XWEmojiView.swift */; };
		EE3C2D8E1F91B5DD00DE609F /* AddFriendController.swift in Sources */ = {isa = PBXBuildFile; fileRef = EE3C2D8D1F91B5DD00DE609F /* AddFriendController.swift */; };
		EE4C0D682047C7C700740CFE /* ChooseLoginSignupController.swift in Sources */ = {isa = PBXBuildFile; fileRef = EE4C0D672047C7C700740CFE /* ChooseLoginSignupController.swift */; };
		EE4F33D31F73BB2300BFC6AF /* TestController.swift in Sources */ = {isa = PBXBuildFile; fileRef = EE4F33D21F73BB2300BFC6AF /* TestController.swift */; };
		EE5190CA205CBE74002DFB33 /* GoogleService-Info-dev.plist in Resources */ = {isa = PBXBuildFile; fileRef = EE5190C9205CBE74002DFB33 /* GoogleService-Info-dev.plist */; };
		EE53D49E203E5F370053BBFE /* BlockedController.swift in Sources */ = {isa = PBXBuildFile; fileRef = EE53D49D203E5F370053BBFE /* BlockedController.swift */; };
		EE53D4A0203E6D380053BBFE /* SimpleImageController.swift in Sources */ = {isa = PBXBuildFile; fileRef = EE53D49F203E6D380053BBFE /* SimpleImageController.swift */; };
		EE53D4A22042A3950053BBFE /* FIRRef.swift in Sources */ = {isa = PBXBuildFile; fileRef = EE53D4A12042A3950053BBFE /* FIRRef.swift */; };
		EE641EDC1FA99D1D000B1105 /* BadgeHelper.swift in Sources */ = {isa = PBXBuildFile; fileRef = EE641EDB1FA99D1D000B1105 /* BadgeHelper.swift */; };
		EE641EDE1FA9A392000B1105 /* NewFriendsHeader.swift in Sources */ = {isa = PBXBuildFile; fileRef = EE641EDD1FA9A392000B1105 /* NewFriendsHeader.swift */; };
		EE641EE01FA9A888000B1105 /* NewRequestUserCell.swift in Sources */ = {isa = PBXBuildFile; fileRef = EE641EDF1FA9A888000B1105 /* NewRequestUserCell.swift */; };
		EE682C40200ADC1000C9349A /* GoogleService-Info-prod.plist in Resources */ = {isa = PBXBuildFile; fileRef = EE682C3F200ADC1000C9349A /* GoogleService-Info-prod.plist */; };
		EE6837CE1FAD66FA002E561E /* ReceiverImageMessageController.swift in Sources */ = {isa = PBXBuildFile; fileRef = EE6837CD1FAD66FA002E561E /* ReceiverImageMessageController.swift */; };
		EE6CB8361FF731940018453E /* MyAccountHeader.swift in Sources */ = {isa = PBXBuildFile; fileRef = EE6CB8351FF731940018453E /* MyAccountHeader.swift */; };
		EE6CB8381FF7B59A0018453E /* MyAccountImageCell.swift in Sources */ = {isa = PBXBuildFile; fileRef = EE6CB8371FF7B59A0018453E /* MyAccountImageCell.swift */; };
		EE73E9FC1F8B0D1D00BED900 /* UserFriendCell.swift in Sources */ = {isa = PBXBuildFile; fileRef = EE73E9FB1F8B0D1D00BED900 /* UserFriendCell.swift */; };
		EE73E9FE1F8B320E00BED900 /* Message.swift in Sources */ = {isa = PBXBuildFile; fileRef = EE73E9FD1F8B320E00BED900 /* Message.swift */; };
		EE78EEF81F0D52C0008662C0 /* AppDelegate.swift in Sources */ = {isa = PBXBuildFile; fileRef = EE78EEF71F0D52C0008662C0 /* AppDelegate.swift */; };
		EE78EEFA1F0D52C0008662C0 /* SignUpViewController.swift in Sources */ = {isa = PBXBuildFile; fileRef = EE78EEF91F0D52C0008662C0 /* SignUpViewController.swift */; };
		EE78EEFD1F0D52C0008662C0 /* Main.storyboard in Resources */ = {isa = PBXBuildFile; fileRef = EE78EEFB1F0D52C0008662C0 /* Main.storyboard */; };
		EE78EEFF1F0D52C0008662C0 /* Assets.xcassets in Resources */ = {isa = PBXBuildFile; fileRef = EE78EEFE1F0D52C0008662C0 /* Assets.xcassets */; };
		EE78EF021F0D52C0008662C0 /* LaunchScreen.storyboard in Resources */ = {isa = PBXBuildFile; fileRef = EE78EF001F0D52C0008662C0 /* LaunchScreen.storyboard */; };
		EE78EF0D1F0D52C0008662C0 /* BlurTests.swift in Sources */ = {isa = PBXBuildFile; fileRef = EE78EF0C1F0D52C0008662C0 /* BlurTests.swift */; };
		EE78EF181F0D52C1008662C0 /* BlurUITests.swift in Sources */ = {isa = PBXBuildFile; fileRef = EE78EF171F0D52C1008662C0 /* BlurUITests.swift */; };
		EE8FC5291FAEE0B00097936E /* MessagesPageViewController.swift in Sources */ = {isa = PBXBuildFile; fileRef = EE8FC5281FAEE0B00097936E /* MessagesPageViewController.swift */; };
		EE9E0FAB1FBE89930034E44C /* XWCutCircle.swift in Sources */ = {isa = PBXBuildFile; fileRef = EE9E0F9D1FBE896C0034E44C /* XWCutCircle.swift */; };
		EE9E0FAC1FBE89930034E44C /* XWScaleButton.swift in Sources */ = {isa = PBXBuildFile; fileRef = EE9E0F9E1FBE896D0034E44C /* XWScaleButton.swift */; };
		EE9E0FAD1FBE89930034E44C /* XWMosaicView.swift in Sources */ = {isa = PBXBuildFile; fileRef = EE9E0F9F1FBE896F0034E44C /* XWMosaicView.swift */; };
		EE9E0FAE1FBE89930034E44C /* XWCutGridView.swift in Sources */ = {isa = PBXBuildFile; fileRef = EE9E0FA01FBE89700034E44C /* XWCutGridView.swift */; };
		EE9E0FAF1FBE89930034E44C /* XWImageToolInfo.swift in Sources */ = {isa = PBXBuildFile; fileRef = EE9E0FA11FBE89710034E44C /* XWImageToolInfo.swift */; };
		EE9E0FB01FBE89930034E44C /* XWImageToolProtocol.swift in Sources */ = {isa = PBXBuildFile; fileRef = EE9E0FA21FBE89730034E44C /* XWImageToolProtocol.swift */; };
		EE9E0FB11FBE89930034E44C /* XWCutGridLayer.swift in Sources */ = {isa = PBXBuildFile; fileRef = EE9E0FA31FBE89760034E44C /* XWCutGridLayer.swift */; };
		EE9E0FB21FBE89930034E44C /* XWImageEditorTheme.swift in Sources */ = {isa = PBXBuildFile; fileRef = EE9E0FA41FBE897C0034E44C /* XWImageEditorTheme.swift */; };
		EE9E0FB31FBE89930034E44C /* XWImageEditorController.swift in Sources */ = {isa = PBXBuildFile; fileRef = EE9E0FA51FBE89800034E44C /* XWImageEditorController.swift */; };
		EE9E0FB41FBE89930034E44C /* XWImageToolBase.swift in Sources */ = {isa = PBXBuildFile; fileRef = EE9E0FA61FBE89830034E44C /* XWImageToolBase.swift */; };
		EE9E0FB51FBE89930034E44C /* XWMosaicTool.swift in Sources */ = {isa = PBXBuildFile; fileRef = EE9E0FA71FBE89870034E44C /* XWMosaicTool.swift */; };
		EE9E0FB61FBE89930034E44C /* XWToolBarItem.swift in Sources */ = {isa = PBXBuildFile; fileRef = EE9E0FA81FBE898B0034E44C /* XWToolBarItem.swift */; };
		EE9E0FB71FBE89930034E44C /* UIView+Frame.swift in Sources */ = {isa = PBXBuildFile; fileRef = EE9E0FA91FBE898E0034E44C /* UIView+Frame.swift */; };
		EE9E0FB81FBE89930034E44C /* XWCutTool.swift in Sources */ = {isa = PBXBuildFile; fileRef = EE9E0FAA1FBE89920034E44C /* XWCutTool.swift */; };
		EE9FE4AA1F611FDD00CF0A71 /* FriendsController.swift in Sources */ = {isa = PBXBuildFile; fileRef = EE9FE4A91F611FDD00CF0A71 /* FriendsController.swift */; };
		EEA41A8F1FF71BB300BADA61 /* MyAccountConroller.swift in Sources */ = {isa = PBXBuildFile; fileRef = EEA41A8E1FF71BB300BADA61 /* MyAccountConroller.swift */; };
		EEBAF5C62058A564004917A4 /* OtherNotifCell.swift in Sources */ = {isa = PBXBuildFile; fileRef = EEBAF5C52058A564004917A4 /* OtherNotifCell.swift */; };
		EEBAF5C8205A1F91004917A4 /* ComplimentsController.swift in Sources */ = {isa = PBXBuildFile; fileRef = EEBAF5C7205A1F90004917A4 /* ComplimentsController.swift */; };
		EEBAF5CA205A230F004917A4 /* Compliment.swift in Sources */ = {isa = PBXBuildFile; fileRef = EEBAF5C9205A230F004917A4 /* Compliment.swift */; };
		EEBAF5CC205A261B004917A4 /* ComplimentCell.swift in Sources */ = {isa = PBXBuildFile; fileRef = EEBAF5CB205A261B004917A4 /* ComplimentCell.swift */; };
		EED8F8C31F67A21200DDD81E /* HomeController.swift in Sources */ = {isa = PBXBuildFile; fileRef = EED8F8C21F67A21200DDD81E /* HomeController.swift */; };
		EEDA4F741F8098410088286A /* User.swift in Sources */ = {isa = PBXBuildFile; fileRef = EEDA4F731F8098410088286A /* User.swift */; };
		EEDA502F1F8219B20088286A /* UserProfileController.swift in Sources */ = {isa = PBXBuildFile; fileRef = EEDA502E1F8219B20088286A /* UserProfileController.swift */; };
		EEDA50311F8362090088286A /* PreviewPhotoController.swift in Sources */ = {isa = PBXBuildFile; fileRef = EEDA50301F8362090088286A /* PreviewPhotoController.swift */; };
		EEDD12D420525A1C007ABF5B /* ContactsController.swift in Sources */ = {isa = PBXBuildFile; fileRef = EEDD12D320525A1C007ABF5B /* ContactsController.swift */; };
		EEDD12D62052957F007ABF5B /* ContactCell.swift in Sources */ = {isa = PBXBuildFile; fileRef = EEDD12D52052957F007ABF5B /* ContactCell.swift */; };
		EEDD9914203BC3CB004FB036 /* SettingsController.swift in Sources */ = {isa = PBXBuildFile; fileRef = EEDD9913203BC3CB004FB036 /* SettingsController.swift */; };
		EEDF24FA1FD65C89001FCA84 /* AppTextField.swift in Sources */ = {isa = PBXBuildFile; fileRef = EEDF24F91FD65C89001FCA84 /* AppTextField.swift */; };
		EEE38EBE1FFB45AB00C80F7A /* SenderImageMessageController.swift in Sources */ = {isa = PBXBuildFile; fileRef = EEE38EBD1FFB45AB00C80F7A /* SenderImageMessageController.swift */; };
		EEE38EC01FFCAD1D00C80F7A /* DatabaseHelper.swift in Sources */ = {isa = PBXBuildFile; fileRef = EEE38EBF1FFCAD1D00C80F7A /* DatabaseHelper.swift */; };
		EEE38EC21FFF68B000C80F7A /* NotificationController.swift in Sources */ = {isa = PBXBuildFile; fileRef = EEE38EC11FFF68B000C80F7A /* NotificationController.swift */; };
		EEE38EC420006BF200C80F7A /* Notification.swift in Sources */ = {isa = PBXBuildFile; fileRef = EEE38EC320006BF200C80F7A /* Notification.swift */; };
		EEE38EC62000774300C80F7A /* MessageNotifCell.swift in Sources */ = {isa = PBXBuildFile; fileRef = EEE38EC52000774300C80F7A /* MessageNotifCell.swift */; };
		EEE38EC82001B45600C80F7A /* CurrentUser.swift in Sources */ = {isa = PBXBuildFile; fileRef = EEE38EC72001B45600C80F7A /* CurrentUser.swift */; };
		EEE57DFC204C19FA002CB81C /* XWEmojiTool.swift in Sources */ = {isa = PBXBuildFile; fileRef = EEE57DFB204C19FA002CB81C /* XWEmojiTool.swift */; };
		EEECC407204FD9F000D520F8 /* GSTimeIntervalPicker.m in Sources */ = {isa = PBXBuildFile; fileRef = EEECC406204FD9F000D520F8 /* GSTimeIntervalPicker.m */; };
		EEEDB8602079E8E3009A9D27 /* EULAController.swift in Sources */ = {isa = PBXBuildFile; fileRef = EEEDB85F2079E8E3009A9D27 /* EULAController.swift */; };
		EEFE52891F9981C000F7C1D7 /* TableViewHelper.swift in Sources */ = {isa = PBXBuildFile; fileRef = EEFE52881F9981C000F7C1D7 /* TableViewHelper.swift */; };
		EEFE528B1F99B61A00F7C1D7 /* NewFriendsRequestController.swift in Sources */ = {isa = PBXBuildFile; fileRef = EEFE528A1F99B61A00F7C1D7 /* NewFriendsRequestController.swift */; };
/* End PBXBuildFile section */

/* Begin PBXContainerItemProxy section */
		EE78EF091F0D52C0008662C0 /* PBXContainerItemProxy */ = {
			isa = PBXContainerItemProxy;
			containerPortal = EE78EEEC1F0D52C0008662C0 /* Project object */;
			proxyType = 1;
			remoteGlobalIDString = EE78EEF31F0D52C0008662C0;
			remoteInfo = Blur;
		};
		EE78EF141F0D52C1008662C0 /* PBXContainerItemProxy */ = {
			isa = PBXContainerItemProxy;
			containerPortal = EE78EEEC1F0D52C0008662C0 /* Project object */;
			proxyType = 1;
			remoteGlobalIDString = EE78EEF31F0D52C0008662C0;
			remoteInfo = Blur;
		};
/* End PBXContainerItemProxy section */

/* Begin PBXFileReference section */
		2136EF20E47E4AE4E9656AC8 /* Pods_Blur.framework */ = {isa = PBXFileReference; explicitFileType = wrapper.framework; includeInIndex = 0; path = Pods_Blur.framework; sourceTree = BUILT_PRODUCTS_DIR; };
		DFAF0C7D0360B7E25B549EA7 /* Pods-Blur.release.xcconfig */ = {isa = PBXFileReference; includeInIndex = 1; lastKnownFileType = text.xcconfig; name = "Pods-Blur.release.xcconfig"; path = "Pods/Target Support Files/Pods-Blur/Pods-Blur.release.xcconfig"; sourceTree = "<group>"; };
		EBE10876147444CE62B1B0F8 /* Pods-Blur.debug.xcconfig */ = {isa = PBXFileReference; includeInIndex = 1; lastKnownFileType = text.xcconfig; name = "Pods-Blur.debug.xcconfig"; path = "Pods/Target Support Files/Pods-Blur/Pods-Blur.debug.xcconfig"; sourceTree = "<group>"; };
		EE1AB09F1F107CE1009C011E /* Extension.swift */ = {isa = PBXFileReference; fileEncoding = 4; lastKnownFileType = sourcecode.swift; path = Extension.swift; sourceTree = "<group>"; };
		EE1AB0A31F11A530009C011E /* AppHUD.swift */ = {isa = PBXFileReference; fileEncoding = 4; lastKnownFileType = sourcecode.swift; path = AppHUD.swift; sourceTree = "<group>"; };
		EE1D2556203D246200AA36C8 /* EditFullNameController.swift */ = {isa = PBXFileReference; lastKnownFileType = sourcecode.swift; path = EditFullNameController.swift; sourceTree = "<group>"; };
		EE1FF2DF1F14303A00340F65 /* MainTabBarController.swift */ = {isa = PBXFileReference; fileEncoding = 4; lastKnownFileType = sourcecode.swift; path = MainTabBarController.swift; sourceTree = "<group>"; };
		EE1FF2E31F144BEB00340F65 /* LoginController.swift */ = {isa = PBXFileReference; fileEncoding = 4; lastKnownFileType = sourcecode.swift; path = LoginController.swift; sourceTree = "<group>"; };
		EE1FF2E51F14633800340F65 /* Constants.swift */ = {isa = PBXFileReference; fileEncoding = 4; lastKnownFileType = sourcecode.swift; path = Constants.swift; sourceTree = "<group>"; };
		EE22F8D020462BD1007F516D /* AnimationHelper.swift */ = {isa = PBXFileReference; lastKnownFileType = sourcecode.swift; path = AnimationHelper.swift; sourceTree = "<group>"; };
		EE22F8D220462C11007F516D /* NotificationHelper.swift */ = {isa = PBXFileReference; lastKnownFileType = sourcecode.swift; path = NotificationHelper.swift; sourceTree = "<group>"; };
		EE26D7531F8F59F50059AA61 /* HomeChatCell.swift */ = {isa = PBXFileReference; fileEncoding = 4; lastKnownFileType = sourcecode.swift; path = HomeChatCell.swift; sourceTree = "<group>"; };
		EE29A354201AEBFC00EA6112 /* ControlItemView.swift */ = {isa = PBXFileReference; lastKnownFileType = sourcecode.swift; path = ControlItemView.swift; sourceTree = "<group>"; };
		EE29A356201AF17A00EA6112 /* ControlItemInfo.swift */ = {isa = PBXFileReference; lastKnownFileType = sourcecode.swift; path = ControlItemInfo.swift; sourceTree = "<group>"; };
		EE334801206B2F3600B18E54 /* AppContactConroller.swift */ = {isa = PBXFileReference; lastKnownFileType = sourcecode.swift; path = AppContactConroller.swift; sourceTree = "<group>"; };
		EE33B3E71FD2430C000816D0 /* ChooseUserNameController.swift */ = {isa = PBXFileReference; lastKnownFileType = sourcecode.swift; path = ChooseUserNameController.swift; sourceTree = "<group>"; };
		EE33EF4F204CD8D90074B2BD /* XWEmojiView.swift */ = {isa = PBXFileReference; lastKnownFileType = sourcecode.swift; path = XWEmojiView.swift; sourceTree = "<group>"; };
		EE3C2D8D1F91B5DD00DE609F /* AddFriendController.swift */ = {isa = PBXFileReference; fileEncoding = 4; lastKnownFileType = sourcecode.swift; path = AddFriendController.swift; sourceTree = "<group>"; };
		EE4C0D672047C7C700740CFE /* ChooseLoginSignupController.swift */ = {isa = PBXFileReference; lastKnownFileType = sourcecode.swift; path = ChooseLoginSignupController.swift; sourceTree = "<group>"; };
		EE4F33D21F73BB2300BFC6AF /* TestController.swift */ = {isa = PBXFileReference; fileEncoding = 4; lastKnownFileType = sourcecode.swift; path = TestController.swift; sourceTree = "<group>"; };
		EE5190C9205CBE74002DFB33 /* GoogleService-Info-dev.plist */ = {isa = PBXFileReference; fileEncoding = 4; lastKnownFileType = text.plist.xml; path = "GoogleService-Info-dev.plist"; sourceTree = "<group>"; };
		EE53D49D203E5F370053BBFE /* BlockedController.swift */ = {isa = PBXFileReference; lastKnownFileType = sourcecode.swift; path = BlockedController.swift; sourceTree = "<group>"; };
		EE53D49F203E6D380053BBFE /* SimpleImageController.swift */ = {isa = PBXFileReference; lastKnownFileType = sourcecode.swift; path = SimpleImageController.swift; sourceTree = "<group>"; };
		EE53D4A12042A3950053BBFE /* FIRRef.swift */ = {isa = PBXFileReference; lastKnownFileType = sourcecode.swift; path = FIRRef.swift; sourceTree = "<group>"; };
		EE641EDB1FA99D1D000B1105 /* BadgeHelper.swift */ = {isa = PBXFileReference; lastKnownFileType = sourcecode.swift; path = BadgeHelper.swift; sourceTree = "<group>"; };
		EE641EDD1FA9A392000B1105 /* NewFriendsHeader.swift */ = {isa = PBXFileReference; lastKnownFileType = sourcecode.swift; path = NewFriendsHeader.swift; sourceTree = "<group>"; };
		EE641EDF1FA9A888000B1105 /* NewRequestUserCell.swift */ = {isa = PBXFileReference; lastKnownFileType = sourcecode.swift; path = NewRequestUserCell.swift; sourceTree = "<group>"; };
		EE682C3F200ADC1000C9349A /* GoogleService-Info-prod.plist */ = {isa = PBXFileReference; fileEncoding = 4; lastKnownFileType = text.plist.xml; path = "GoogleService-Info-prod.plist"; sourceTree = "<group>"; };
		EE6837CD1FAD66FA002E561E /* ReceiverImageMessageController.swift */ = {isa = PBXFileReference; lastKnownFileType = sourcecode.swift; path = ReceiverImageMessageController.swift; sourceTree = "<group>"; };
		EE6CB8351FF731940018453E /* MyAccountHeader.swift */ = {isa = PBXFileReference; lastKnownFileType = sourcecode.swift; path = MyAccountHeader.swift; sourceTree = "<group>"; };
		EE6CB8371FF7B59A0018453E /* MyAccountImageCell.swift */ = {isa = PBXFileReference; lastKnownFileType = sourcecode.swift; path = MyAccountImageCell.swift; sourceTree = "<group>"; };
		EE73E9FB1F8B0D1D00BED900 /* UserFriendCell.swift */ = {isa = PBXFileReference; fileEncoding = 4; lastKnownFileType = sourcecode.swift; path = UserFriendCell.swift; sourceTree = "<group>"; };
		EE73E9FD1F8B320E00BED900 /* Message.swift */ = {isa = PBXFileReference; fileEncoding = 4; lastKnownFileType = sourcecode.swift; path = Message.swift; sourceTree = "<group>"; };
		EE78EEF41F0D52C0008662C0 /* Blur.app */ = {isa = PBXFileReference; explicitFileType = wrapper.application; includeInIndex = 0; path = Blur.app; sourceTree = BUILT_PRODUCTS_DIR; };
		EE78EEF71F0D52C0008662C0 /* AppDelegate.swift */ = {isa = PBXFileReference; lastKnownFileType = sourcecode.swift; path = AppDelegate.swift; sourceTree = "<group>"; };
		EE78EEF91F0D52C0008662C0 /* SignUpViewController.swift */ = {isa = PBXFileReference; lastKnownFileType = sourcecode.swift; path = SignUpViewController.swift; sourceTree = "<group>"; };
		EE78EEFC1F0D52C0008662C0 /* Base */ = {isa = PBXFileReference; lastKnownFileType = file.storyboard; name = Base; path = Base.lproj/Main.storyboard; sourceTree = "<group>"; };
		EE78EEFE1F0D52C0008662C0 /* Assets.xcassets */ = {isa = PBXFileReference; lastKnownFileType = folder.assetcatalog; path = Assets.xcassets; sourceTree = "<group>"; };
		EE78EF011F0D52C0008662C0 /* Base */ = {isa = PBXFileReference; lastKnownFileType = file.storyboard; name = Base; path = Base.lproj/LaunchScreen.storyboard; sourceTree = "<group>"; };
		EE78EF031F0D52C0008662C0 /* Info.plist */ = {isa = PBXFileReference; lastKnownFileType = text.plist.xml; path = Info.plist; sourceTree = "<group>"; };
		EE78EF081F0D52C0008662C0 /* BlurTests.xctest */ = {isa = PBXFileReference; explicitFileType = wrapper.cfbundle; includeInIndex = 0; path = BlurTests.xctest; sourceTree = BUILT_PRODUCTS_DIR; };
		EE78EF0C1F0D52C0008662C0 /* BlurTests.swift */ = {isa = PBXFileReference; lastKnownFileType = sourcecode.swift; path = BlurTests.swift; sourceTree = "<group>"; };
		EE78EF0E1F0D52C1008662C0 /* Info.plist */ = {isa = PBXFileReference; lastKnownFileType = text.plist.xml; path = Info.plist; sourceTree = "<group>"; };
		EE78EF131F0D52C1008662C0 /* BlurUITests.xctest */ = {isa = PBXFileReference; explicitFileType = wrapper.cfbundle; includeInIndex = 0; path = BlurUITests.xctest; sourceTree = BUILT_PRODUCTS_DIR; };
		EE78EF171F0D52C1008662C0 /* BlurUITests.swift */ = {isa = PBXFileReference; lastKnownFileType = sourcecode.swift; path = BlurUITests.swift; sourceTree = "<group>"; };
		EE78EF191F0D52C1008662C0 /* Info.plist */ = {isa = PBXFileReference; lastKnownFileType = text.plist.xml; path = Info.plist; sourceTree = "<group>"; };
		EE8FC5281FAEE0B00097936E /* MessagesPageViewController.swift */ = {isa = PBXFileReference; lastKnownFileType = sourcecode.swift; path = MessagesPageViewController.swift; sourceTree = "<group>"; };
		EE9C4FBB200988990053A8CE /* Blur.entitlements */ = {isa = PBXFileReference; lastKnownFileType = text.plist.entitlements; path = Blur.entitlements; sourceTree = "<group>"; };
		EE9E0F9D1FBE896C0034E44C /* XWCutCircle.swift */ = {isa = PBXFileReference; fileEncoding = 4; lastKnownFileType = sourcecode.swift; path = XWCutCircle.swift; sourceTree = "<group>"; };
		EE9E0F9E1FBE896D0034E44C /* XWScaleButton.swift */ = {isa = PBXFileReference; fileEncoding = 4; lastKnownFileType = sourcecode.swift; path = XWScaleButton.swift; sourceTree = "<group>"; };
		EE9E0F9F1FBE896F0034E44C /* XWMosaicView.swift */ = {isa = PBXFileReference; fileEncoding = 4; lastKnownFileType = sourcecode.swift; path = XWMosaicView.swift; sourceTree = "<group>"; };
		EE9E0FA01FBE89700034E44C /* XWCutGridView.swift */ = {isa = PBXFileReference; fileEncoding = 4; lastKnownFileType = sourcecode.swift; path = XWCutGridView.swift; sourceTree = "<group>"; };
		EE9E0FA11FBE89710034E44C /* XWImageToolInfo.swift */ = {isa = PBXFileReference; fileEncoding = 4; lastKnownFileType = sourcecode.swift; path = XWImageToolInfo.swift; sourceTree = "<group>"; };
		EE9E0FA21FBE89730034E44C /* XWImageToolProtocol.swift */ = {isa = PBXFileReference; fileEncoding = 4; lastKnownFileType = sourcecode.swift; path = XWImageToolProtocol.swift; sourceTree = "<group>"; };
		EE9E0FA31FBE89760034E44C /* XWCutGridLayer.swift */ = {isa = PBXFileReference; fileEncoding = 4; lastKnownFileType = sourcecode.swift; path = XWCutGridLayer.swift; sourceTree = "<group>"; };
		EE9E0FA41FBE897C0034E44C /* XWImageEditorTheme.swift */ = {isa = PBXFileReference; fileEncoding = 4; lastKnownFileType = sourcecode.swift; path = XWImageEditorTheme.swift; sourceTree = "<group>"; };
		EE9E0FA51FBE89800034E44C /* XWImageEditorController.swift */ = {isa = PBXFileReference; fileEncoding = 4; lastKnownFileType = sourcecode.swift; path = XWImageEditorController.swift; sourceTree = "<group>"; };
		EE9E0FA61FBE89830034E44C /* XWImageToolBase.swift */ = {isa = PBXFileReference; fileEncoding = 4; lastKnownFileType = sourcecode.swift; path = XWImageToolBase.swift; sourceTree = "<group>"; };
		EE9E0FA71FBE89870034E44C /* XWMosaicTool.swift */ = {isa = PBXFileReference; fileEncoding = 4; lastKnownFileType = sourcecode.swift; path = XWMosaicTool.swift; sourceTree = "<group>"; };
		EE9E0FA81FBE898B0034E44C /* XWToolBarItem.swift */ = {isa = PBXFileReference; fileEncoding = 4; lastKnownFileType = sourcecode.swift; path = XWToolBarItem.swift; sourceTree = "<group>"; };
		EE9E0FA91FBE898E0034E44C /* UIView+Frame.swift */ = {isa = PBXFileReference; fileEncoding = 4; lastKnownFileType = sourcecode.swift; path = "UIView+Frame.swift"; sourceTree = "<group>"; };
		EE9E0FAA1FBE89920034E44C /* XWCutTool.swift */ = {isa = PBXFileReference; fileEncoding = 4; lastKnownFileType = sourcecode.swift; path = XWCutTool.swift; sourceTree = "<group>"; };
		EE9FE4A91F611FDD00CF0A71 /* FriendsController.swift */ = {isa = PBXFileReference; fileEncoding = 4; lastKnownFileType = sourcecode.swift; path = FriendsController.swift; sourceTree = "<group>"; };
		EEA41A8E1FF71BB300BADA61 /* MyAccountConroller.swift */ = {isa = PBXFileReference; lastKnownFileType = sourcecode.swift; path = MyAccountConroller.swift; sourceTree = "<group>"; };
		EEBAF5C52058A564004917A4 /* OtherNotifCell.swift */ = {isa = PBXFileReference; lastKnownFileType = sourcecode.swift; path = OtherNotifCell.swift; sourceTree = "<group>"; };
		EEBAF5C7205A1F90004917A4 /* ComplimentsController.swift */ = {isa = PBXFileReference; lastKnownFileType = sourcecode.swift; path = ComplimentsController.swift; sourceTree = "<group>"; };
		EEBAF5C9205A230F004917A4 /* Compliment.swift */ = {isa = PBXFileReference; lastKnownFileType = sourcecode.swift; path = Compliment.swift; sourceTree = "<group>"; };
		EEBAF5CB205A261B004917A4 /* ComplimentCell.swift */ = {isa = PBXFileReference; lastKnownFileType = sourcecode.swift; path = ComplimentCell.swift; sourceTree = "<group>"; };
		EED8F8C21F67A21200DDD81E /* HomeController.swift */ = {isa = PBXFileReference; fileEncoding = 4; lastKnownFileType = sourcecode.swift; path = HomeController.swift; sourceTree = "<group>"; };
		EEDA4DFB1F7DDE9B0088286A /* Blur-Bridging-Header.h */ = {isa = PBXFileReference; lastKnownFileType = sourcecode.c.h; path = "Blur-Bridging-Header.h"; sourceTree = "<group>"; };
		EEDA4F731F8098410088286A /* User.swift */ = {isa = PBXFileReference; fileEncoding = 4; lastKnownFileType = sourcecode.swift; path = User.swift; sourceTree = "<group>"; };
		EEDA502E1F8219B20088286A /* UserProfileController.swift */ = {isa = PBXFileReference; fileEncoding = 4; lastKnownFileType = sourcecode.swift; path = UserProfileController.swift; sourceTree = "<group>"; };
		EEDA50301F8362090088286A /* PreviewPhotoController.swift */ = {isa = PBXFileReference; fileEncoding = 4; lastKnownFileType = sourcecode.swift; path = PreviewPhotoController.swift; sourceTree = "<group>"; };
		EEDD12D320525A1C007ABF5B /* ContactsController.swift */ = {isa = PBXFileReference; lastKnownFileType = sourcecode.swift; path = ContactsController.swift; sourceTree = "<group>"; };
		EEDD12D52052957F007ABF5B /* ContactCell.swift */ = {isa = PBXFileReference; lastKnownFileType = sourcecode.swift; path = ContactCell.swift; sourceTree = "<group>"; };
		EEDD9913203BC3CB004FB036 /* SettingsController.swift */ = {isa = PBXFileReference; lastKnownFileType = sourcecode.swift; path = SettingsController.swift; sourceTree = "<group>"; };
		EEDF24F91FD65C89001FCA84 /* AppTextField.swift */ = {isa = PBXFileReference; lastKnownFileType = sourcecode.swift; path = AppTextField.swift; sourceTree = "<group>"; };
		EEE38EBD1FFB45AB00C80F7A /* SenderImageMessageController.swift */ = {isa = PBXFileReference; lastKnownFileType = sourcecode.swift; path = SenderImageMessageController.swift; sourceTree = "<group>"; };
		EEE38EBF1FFCAD1D00C80F7A /* DatabaseHelper.swift */ = {isa = PBXFileReference; lastKnownFileType = sourcecode.swift; path = DatabaseHelper.swift; sourceTree = "<group>"; };
		EEE38EC11FFF68B000C80F7A /* NotificationController.swift */ = {isa = PBXFileReference; lastKnownFileType = sourcecode.swift; path = NotificationController.swift; sourceTree = "<group>"; };
		EEE38EC320006BF200C80F7A /* Notification.swift */ = {isa = PBXFileReference; lastKnownFileType = sourcecode.swift; path = Notification.swift; sourceTree = "<group>"; };
		EEE38EC52000774300C80F7A /* MessageNotifCell.swift */ = {isa = PBXFileReference; lastKnownFileType = sourcecode.swift; path = MessageNotifCell.swift; sourceTree = "<group>"; };
		EEE38EC72001B45600C80F7A /* CurrentUser.swift */ = {isa = PBXFileReference; lastKnownFileType = sourcecode.swift; path = CurrentUser.swift; sourceTree = "<group>"; };
		EEE57DFB204C19FA002CB81C /* XWEmojiTool.swift */ = {isa = PBXFileReference; lastKnownFileType = sourcecode.swift; path = XWEmojiTool.swift; sourceTree = "<group>"; };
		EEECC405204FD9EF00D520F8 /* GSTimeIntervalPicker.h */ = {isa = PBXFileReference; fileEncoding = 4; lastKnownFileType = sourcecode.c.h; path = GSTimeIntervalPicker.h; sourceTree = "<group>"; };
		EEECC406204FD9F000D520F8 /* GSTimeIntervalPicker.m */ = {isa = PBXFileReference; fileEncoding = 4; lastKnownFileType = sourcecode.c.objc; path = GSTimeIntervalPicker.m; sourceTree = "<group>"; };
		EEEDB85F2079E8E3009A9D27 /* EULAController.swift */ = {isa = PBXFileReference; lastKnownFileType = sourcecode.swift; path = EULAController.swift; sourceTree = "<group>"; };
		EEFE52881F9981C000F7C1D7 /* TableViewHelper.swift */ = {isa = PBXFileReference; lastKnownFileType = sourcecode.swift; path = TableViewHelper.swift; sourceTree = "<group>"; };
		EEFE528A1F99B61A00F7C1D7 /* NewFriendsRequestController.swift */ = {isa = PBXFileReference; lastKnownFileType = sourcecode.swift; path = NewFriendsRequestController.swift; sourceTree = "<group>"; };
/* End PBXFileReference section */

/* Begin PBXFrameworksBuildPhase section */
		EE78EEF11F0D52C0008662C0 /* Frameworks */ = {
			isa = PBXFrameworksBuildPhase;
			buildActionMask = 2147483647;
			files = (
				2E01D406B1CD05776A09F725 /* Pods_Blur.framework in Frameworks */,
			);
			runOnlyForDeploymentPostprocessing = 0;
		};
		EE78EF051F0D52C0008662C0 /* Frameworks */ = {
			isa = PBXFrameworksBuildPhase;
			buildActionMask = 2147483647;
			files = (
			);
			runOnlyForDeploymentPostprocessing = 0;
		};
		EE78EF101F0D52C1008662C0 /* Frameworks */ = {
			isa = PBXFrameworksBuildPhase;
			buildActionMask = 2147483647;
			files = (
			);
			runOnlyForDeploymentPostprocessing = 0;
		};
/* End PBXFrameworksBuildPhase section */

/* Begin PBXGroup section */
		1BDEEA30E96C25828141223E /* Pods */ = {
			isa = PBXGroup;
			children = (
				EBE10876147444CE62B1B0F8 /* Pods-Blur.debug.xcconfig */,
				DFAF0C7D0360B7E25B549EA7 /* Pods-Blur.release.xcconfig */,
			);
			name = Pods;
			sourceTree = "<group>";
		};
		EE11DC0B1F1C255C00B39DD7 /* Login+SignUp */ = {
			isa = PBXGroup;
			children = (
				EE4C0D672047C7C700740CFE /* ChooseLoginSignupController.swift */,
				EE78EEF91F0D52C0008662C0 /* SignUpViewController.swift */,
				EE1FF2E31F144BEB00340F65 /* LoginController.swift */,
				EE33B3E71FD2430C000816D0 /* ChooseUserNameController.swift */,
				EEEDB85F2079E8E3009A9D27 /* EULAController.swift */,
			);
			name = "Login+SignUp";
			sourceTree = "<group>";
		};
		EE11DC0C1F1C257000B39DD7 /* View */ = {
			isa = PBXGroup;
			children = (
				EE1AB0A31F11A530009C011E /* AppHUD.swift */,
				EEDF24F91FD65C89001FCA84 /* AppTextField.swift */,
				EE73E9FB1F8B0D1D00BED900 /* UserFriendCell.swift */,
				EE641EDD1FA9A392000B1105 /* NewFriendsHeader.swift */,
				EE641EDF1FA9A888000B1105 /* NewRequestUserCell.swift */,
				EE26D7531F8F59F50059AA61 /* HomeChatCell.swift */,
				EEDD12D52052957F007ABF5B /* ContactCell.swift */,
				EEE38EC52000774300C80F7A /* MessageNotifCell.swift */,
				EEBAF5C52058A564004917A4 /* OtherNotifCell.swift */,
				EE6CB8351FF731940018453E /* MyAccountHeader.swift */,
				EE6CB8371FF7B59A0018453E /* MyAccountImageCell.swift */,
				EE29A354201AEBFC00EA6112 /* ControlItemView.swift */,
				EEBAF5CB205A261B004917A4 /* ComplimentCell.swift */,
			);
			name = View;
			sourceTree = "<group>";
		};
		EE1AB09E1F107CCD009C011E /* Util */ = {
			isa = PBXGroup;
			children = (
				EE1AB09F1F107CE1009C011E /* Extension.swift */,
				EE53D4A12042A3950053BBFE /* FIRRef.swift */,
				EEFE52881F9981C000F7C1D7 /* TableViewHelper.swift */,
				EE641EDB1FA99D1D000B1105 /* BadgeHelper.swift */,
				EEE38EBF1FFCAD1D00C80F7A /* DatabaseHelper.swift */,
				EEE38EC72001B45600C80F7A /* CurrentUser.swift */,
				EE22F8D020462BD1007F516D /* AnimationHelper.swift */,
				EE22F8D220462C11007F516D /* NotificationHelper.swift */,
			);
			name = Util;
			sourceTree = "<group>";
		};
		EE78EEEB1F0D52C0008662C0 = {
			isa = PBXGroup;
			children = (
				EE78EEF61F0D52C0008662C0 /* Blur */,
				EE78EF0B1F0D52C0008662C0 /* BlurTests */,
				EE78EF161F0D52C1008662C0 /* BlurUITests */,
				EE78EEF51F0D52C0008662C0 /* Products */,
				1BDEEA30E96C25828141223E /* Pods */,
				F17C1C68FD0B06735F0E891A /* Frameworks */,
			);
			sourceTree = "<group>";
		};
		EE78EEF51F0D52C0008662C0 /* Products */ = {
			isa = PBXGroup;
			children = (
				EE78EEF41F0D52C0008662C0 /* Blur.app */,
				EE78EF081F0D52C0008662C0 /* BlurTests.xctest */,
				EE78EF131F0D52C1008662C0 /* BlurUITests.xctest */,
			);
			name = Products;
			sourceTree = "<group>";
		};
		EE78EEF61F0D52C0008662C0 /* Blur */ = {
			isa = PBXGroup;
			children = (
				EE9C4FBB200988990053A8CE /* Blur.entitlements */,
				EE78EEF71F0D52C0008662C0 /* AppDelegate.swift */,
				EE1AB09E1F107CCD009C011E /* Util */,
				EEDA4FED1F820F840088286A /* Model */,
				EE11DC0C1F1C257000B39DD7 /* View */,
				EEDA4E181F7F68870088286A /* Controller */,
				EE9E0FB91FBEAF800034E44C /* ImageEdit */,
				EE78EEFB1F0D52C0008662C0 /* Main.storyboard */,
				EE1FF2E51F14633800340F65 /* Constants.swift */,
				EE78EEFE1F0D52C0008662C0 /* Assets.xcassets */,
				EE78EF001F0D52C0008662C0 /* LaunchScreen.storyboard */,
				EE78EF031F0D52C0008662C0 /* Info.plist */,
				EE5190C9205CBE74002DFB33 /* GoogleService-Info-dev.plist */,
				EE682C3F200ADC1000C9349A /* GoogleService-Info-prod.plist */,
				EEECC405204FD9EF00D520F8 /* GSTimeIntervalPicker.h */,
				EEECC406204FD9F000D520F8 /* GSTimeIntervalPicker.m */,
				EEDA4DFB1F7DDE9B0088286A /* Blur-Bridging-Header.h */,
			);
			path = Blur;
			sourceTree = "<group>";
		};
		EE78EF0B1F0D52C0008662C0 /* BlurTests */ = {
			isa = PBXGroup;
			children = (
				EE78EF0C1F0D52C0008662C0 /* BlurTests.swift */,
				EE78EF0E1F0D52C1008662C0 /* Info.plist */,
			);
			path = BlurTests;
			sourceTree = "<group>";
		};
		EE78EF161F0D52C1008662C0 /* BlurUITests */ = {
			isa = PBXGroup;
			children = (
				EE78EF171F0D52C1008662C0 /* BlurUITests.swift */,
				EE78EF191F0D52C1008662C0 /* Info.plist */,
			);
			path = BlurUITests;
			sourceTree = "<group>";
		};
		EE9E0FB91FBEAF800034E44C /* ImageEdit */ = {
			isa = PBXGroup;
			children = (
				EE9E0FA91FBE898E0034E44C /* UIView+Frame.swift */,
				EE9E0F9D1FBE896C0034E44C /* XWCutCircle.swift */,
				EE9E0FA31FBE89760034E44C /* XWCutGridLayer.swift */,
				EE9E0FA01FBE89700034E44C /* XWCutGridView.swift */,
				EE9E0FAA1FBE89920034E44C /* XWCutTool.swift */,
				EE9E0FA51FBE89800034E44C /* XWImageEditorController.swift */,
				EE9E0FA41FBE897C0034E44C /* XWImageEditorTheme.swift */,
				EE9E0FA61FBE89830034E44C /* XWImageToolBase.swift */,
				EE9E0FA11FBE89710034E44C /* XWImageToolInfo.swift */,
				EE9E0FA21FBE89730034E44C /* XWImageToolProtocol.swift */,
				EE9E0FA71FBE89870034E44C /* XWMosaicTool.swift */,
				EEE57DFB204C19FA002CB81C /* XWEmojiTool.swift */,
				EE33EF4F204CD8D90074B2BD /* XWEmojiView.swift */,
				EE9E0F9F1FBE896F0034E44C /* XWMosaicView.swift */,
				EE9E0F9E1FBE896D0034E44C /* XWScaleButton.swift */,
				EE9E0FA81FBE898B0034E44C /* XWToolBarItem.swift */,
			);
			name = ImageEdit;
			sourceTree = "<group>";
		};
		EEDA4E181F7F68870088286A /* Controller */ = {
			isa = PBXGroup;
			children = (
				EE11DC0B1F1C255C00B39DD7 /* Login+SignUp */,
				EE4F33D21F73BB2300BFC6AF /* TestController.swift */,
				EE1FF2DF1F14303A00340F65 /* MainTabBarController.swift */,
				EEDD990F203BC306004FB036 /* Home */,
				EEDD9910203BC329004FB036 /* Friends */,
				EEDD9911203BC333004FB036 /* Notifications */,
				EEDD9912203BC33C004FB036 /* MyAcount */,
			);
			name = Controller;
			sourceTree = "<group>";
		};
		EEDA4FED1F820F840088286A /* Model */ = {
			isa = PBXGroup;
			children = (
				EEDA4F731F8098410088286A /* User.swift */,
				EE73E9FD1F8B320E00BED900 /* Message.swift */,
				EEE38EC320006BF200C80F7A /* Notification.swift */,
				EEBAF5C9205A230F004917A4 /* Compliment.swift */,
				EE29A356201AF17A00EA6112 /* ControlItemInfo.swift */,
			);
			name = Model;
			sourceTree = "<group>";
		};
		EEDD990F203BC306004FB036 /* Home */ = {
			isa = PBXGroup;
			children = (
				EED8F8C21F67A21200DDD81E /* HomeController.swift */,
				EE8FC5281FAEE0B00097936E /* MessagesPageViewController.swift */,
				EE6837CD1FAD66FA002E561E /* ReceiverImageMessageController.swift */,
			);
			name = Home;
			sourceTree = "<group>";
		};
		EEDD9910203BC329004FB036 /* Friends */ = {
			isa = PBXGroup;
			children = (
				EE9FE4A91F611FDD00CF0A71 /* FriendsController.swift */,
				EEFE528A1F99B61A00F7C1D7 /* NewFriendsRequestController.swift */,
				EE3C2D8D1F91B5DD00DE609F /* AddFriendController.swift */,
				EEDD12D320525A1C007ABF5B /* ContactsController.swift */,
				EEDA502E1F8219B20088286A /* UserProfileController.swift */,
				EEDA50301F8362090088286A /* PreviewPhotoController.swift */,
			);
			name = Friends;
			sourceTree = "<group>";
		};
		EEDD9911203BC333004FB036 /* Notifications */ = {
			isa = PBXGroup;
			children = (
				EEE38EC11FFF68B000C80F7A /* NotificationController.swift */,
			);
			name = Notifications;
			sourceTree = "<group>";
		};
		EEDD9912203BC33C004FB036 /* MyAcount */ = {
			isa = PBXGroup;
			children = (
				EEA41A8E1FF71BB300BADA61 /* MyAccountConroller.swift */,
				EEE38EBD1FFB45AB00C80F7A /* SenderImageMessageController.swift */,
				EEDD9913203BC3CB004FB036 /* SettingsController.swift */,
				EE1D2556203D246200AA36C8 /* EditFullNameController.swift */,
				EE53D49D203E5F370053BBFE /* BlockedController.swift */,
				EEBAF5C7205A1F90004917A4 /* ComplimentsController.swift */,
				EE334801206B2F3600B18E54 /* AppContactConroller.swift */,
				EE53D49F203E6D380053BBFE /* SimpleImageController.swift */,
			);
			name = MyAcount;
			sourceTree = "<group>";
		};
		F17C1C68FD0B06735F0E891A /* Frameworks */ = {
			isa = PBXGroup;
			children = (
				2136EF20E47E4AE4E9656AC8 /* Pods_Blur.framework */,
			);
			name = Frameworks;
			sourceTree = "<group>";
		};
/* End PBXGroup section */

/* Begin PBXNativeTarget section */
		EE78EEF31F0D52C0008662C0 /* Blur */ = {
			isa = PBXNativeTarget;
			buildConfigurationList = EE78EF1C1F0D52C1008662C0 /* Build configuration list for PBXNativeTarget "Blur" */;
			buildPhases = (
				F0ACD46D990D43506E8AC90E /* [CP] Check Pods Manifest.lock */,
				EE78EEF01F0D52C0008662C0 /* Sources */,
				EE78EEF11F0D52C0008662C0 /* Frameworks */,
				EE78EEF21F0D52C0008662C0 /* Resources */,
				A99445D595A7CF79D7C5A913 /* [CP] Embed Pods Frameworks */,
				34EEE74BE7B8F6B0A9323364 /* [CP] Copy Pods Resources */,
				EE5508FD20550A070073A549 /* ShellScript */,
				EE9B3CCC2073159B00347388 /* ShellScript */,
			);
			buildRules = (
			);
			dependencies = (
			);
			name = Blur;
			productName = Blur;
			productReference = EE78EEF41F0D52C0008662C0 /* Blur.app */;
			productType = "com.apple.product-type.application";
		};
		EE78EF071F0D52C0008662C0 /* BlurTests */ = {
			isa = PBXNativeTarget;
			buildConfigurationList = EE78EF1F1F0D52C1008662C0 /* Build configuration list for PBXNativeTarget "BlurTests" */;
			buildPhases = (
				EE78EF041F0D52C0008662C0 /* Sources */,
				EE78EF051F0D52C0008662C0 /* Frameworks */,
				EE78EF061F0D52C0008662C0 /* Resources */,
			);
			buildRules = (
			);
			dependencies = (
				EE78EF0A1F0D52C0008662C0 /* PBXTargetDependency */,
			);
			name = BlurTests;
			productName = BlurTests;
			productReference = EE78EF081F0D52C0008662C0 /* BlurTests.xctest */;
			productType = "com.apple.product-type.bundle.unit-test";
		};
		EE78EF121F0D52C1008662C0 /* BlurUITests */ = {
			isa = PBXNativeTarget;
			buildConfigurationList = EE78EF221F0D52C1008662C0 /* Build configuration list for PBXNativeTarget "BlurUITests" */;
			buildPhases = (
				EE78EF0F1F0D52C1008662C0 /* Sources */,
				EE78EF101F0D52C1008662C0 /* Frameworks */,
				EE78EF111F0D52C1008662C0 /* Resources */,
			);
			buildRules = (
			);
			dependencies = (
				EE78EF151F0D52C1008662C0 /* PBXTargetDependency */,
			);
			name = BlurUITests;
			productName = BlurUITests;
			productReference = EE78EF131F0D52C1008662C0 /* BlurUITests.xctest */;
			productType = "com.apple.product-type.bundle.ui-testing";
		};
/* End PBXNativeTarget section */

/* Begin PBXProject section */
		EE78EEEC1F0D52C0008662C0 /* Project object */ = {
			isa = PBXProject;
			attributes = {
				LastSwiftUpdateCheck = 0830;
				LastUpgradeCheck = 0930;
				ORGANIZATIONNAME = "xiandong wang";
				TargetAttributes = {
					EE78EEF31F0D52C0008662C0 = {
						CreatedOnToolsVersion = 8.3.3;
						DevelopmentTeam = S5TTSBD3PN;
						LastSwiftMigration = 0910;
						ProvisioningStyle = Automatic;
						SystemCapabilities = {
							com.apple.Push = {
								enabled = 1;
							};
						};
					};
					EE78EF071F0D52C0008662C0 = {
						CreatedOnToolsVersion = 8.3.3;
						LastSwiftMigration = 0910;
						ProvisioningStyle = Automatic;
						TestTargetID = EE78EEF31F0D52C0008662C0;
					};
					EE78EF121F0D52C1008662C0 = {
						CreatedOnToolsVersion = 8.3.3;
						LastSwiftMigration = 0910;
						ProvisioningStyle = Automatic;
						TestTargetID = EE78EEF31F0D52C0008662C0;
					};
				};
			};
			buildConfigurationList = EE78EEEF1F0D52C0008662C0 /* Build configuration list for PBXProject "Blur" */;
			compatibilityVersion = "Xcode 3.2";
			developmentRegion = English;
			hasScannedForEncodings = 0;
			knownRegions = (
				en,
				Base,
			);
			mainGroup = EE78EEEB1F0D52C0008662C0;
			productRefGroup = EE78EEF51F0D52C0008662C0 /* Products */;
			projectDirPath = "";
			projectRoot = "";
			targets = (
				EE78EEF31F0D52C0008662C0 /* Blur */,
				EE78EF071F0D52C0008662C0 /* BlurTests */,
				EE78EF121F0D52C1008662C0 /* BlurUITests */,
			);
		};
/* End PBXProject section */

/* Begin PBXResourcesBuildPhase section */
		EE78EEF21F0D52C0008662C0 /* Resources */ = {
			isa = PBXResourcesBuildPhase;
			buildActionMask = 2147483647;
			files = (
				EE78EF021F0D52C0008662C0 /* LaunchScreen.storyboard in Resources */,
				EE5190CA205CBE74002DFB33 /* GoogleService-Info-dev.plist in Resources */,
				EE682C40200ADC1000C9349A /* GoogleService-Info-prod.plist in Resources */,
				EE78EEFF1F0D52C0008662C0 /* Assets.xcassets in Resources */,
				EE78EEFD1F0D52C0008662C0 /* Main.storyboard in Resources */,
			);
			runOnlyForDeploymentPostprocessing = 0;
		};
		EE78EF061F0D52C0008662C0 /* Resources */ = {
			isa = PBXResourcesBuildPhase;
			buildActionMask = 2147483647;
			files = (
			);
			runOnlyForDeploymentPostprocessing = 0;
		};
		EE78EF111F0D52C1008662C0 /* Resources */ = {
			isa = PBXResourcesBuildPhase;
			buildActionMask = 2147483647;
			files = (
			);
			runOnlyForDeploymentPostprocessing = 0;
		};
/* End PBXResourcesBuildPhase section */

/* Begin PBXShellScriptBuildPhase section */
		34EEE74BE7B8F6B0A9323364 /* [CP] Copy Pods Resources */ = {
			isa = PBXShellScriptBuildPhase;
			buildActionMask = 2147483647;
			files = (
			);
			inputPaths = (
				"${SRCROOT}/Pods/Target Support Files/Pods-Blur/Pods-Blur-resources.sh",
				"${PODS_ROOT}/GoogleSignIn/Resources/GoogleSignIn.bundle",
			);
			name = "[CP] Copy Pods Resources";
			outputPaths = (
				"${TARGET_BUILD_DIR}/${UNLOCALIZED_RESOURCES_FOLDER_PATH}/GoogleSignIn.bundle",
			);
			runOnlyForDeploymentPostprocessing = 0;
			shellPath = /bin/sh;
			shellScript = "\"${SRCROOT}/Pods/Target Support Files/Pods-Blur/Pods-Blur-resources.sh\"\n";
			showEnvVarsInLog = 0;
		};
		A99445D595A7CF79D7C5A913 /* [CP] Embed Pods Frameworks */ = {
			isa = PBXShellScriptBuildPhase;
			buildActionMask = 2147483647;
			files = (
			);
			inputPaths = (
				"${SRCROOT}/Pods/Target Support Files/Pods-Blur/Pods-Blur-frameworks.sh",
				"${BUILT_PRODUCTS_DIR}/AZDialogView/AZDialogView.framework",
				"${BUILT_PRODUCTS_DIR}/BoringSSL/openssl.framework",
				"${BUILT_PRODUCTS_DIR}/FaveButton/FaveButton.framework",
				"${BUILT_PRODUCTS_DIR}/FontAwesome.swift/FontAwesome_swift.framework",
				"${BUILT_PRODUCTS_DIR}/GTMOAuth2/GTMOAuth2.framework",
				"${BUILT_PRODUCTS_DIR}/GTMSessionFetcher/GTMSessionFetcher.framework",
				"${BUILT_PRODUCTS_DIR}/GoogleToolboxForMac/GoogleToolboxForMac.framework",
				"${BUILT_PRODUCTS_DIR}/Hero/Hero.framework",
				"${BUILT_PRODUCTS_DIR}/JSSAlertView/JSSAlertView.framework",
				"${BUILT_PRODUCTS_DIR}/Kingfisher/Kingfisher.framework",
				"${BUILT_PRODUCTS_DIR}/MBProgressHUD/MBProgressHUD.framework",
				"${BUILT_PRODUCTS_DIR}/Protobuf/Protobuf.framework",
				"${BUILT_PRODUCTS_DIR}/SCLAlertView/SCLAlertView.framework",
				"${BUILT_PRODUCTS_DIR}/Static/Static.framework",
				"${BUILT_PRODUCTS_DIR}/gRPC/GRPCClient.framework",
				"${BUILT_PRODUCTS_DIR}/gRPC-Core/grpc.framework",
				"${BUILT_PRODUCTS_DIR}/gRPC-ProtoRPC/ProtoRPC.framework",
				"${BUILT_PRODUCTS_DIR}/gRPC-RxLibrary/RxLibrary.framework",
				"${BUILT_PRODUCTS_DIR}/leveldb-library/leveldb.framework",
				"${BUILT_PRODUCTS_DIR}/nanopb/nanopb.framework",
			);
			name = "[CP] Embed Pods Frameworks";
			outputPaths = (
				"${TARGET_BUILD_DIR}/${FRAMEWORKS_FOLDER_PATH}/AZDialogView.framework",
				"${TARGET_BUILD_DIR}/${FRAMEWORKS_FOLDER_PATH}/openssl.framework",
				"${TARGET_BUILD_DIR}/${FRAMEWORKS_FOLDER_PATH}/FaveButton.framework",
				"${TARGET_BUILD_DIR}/${FRAMEWORKS_FOLDER_PATH}/FontAwesome_swift.framework",
				"${TARGET_BUILD_DIR}/${FRAMEWORKS_FOLDER_PATH}/GTMOAuth2.framework",
				"${TARGET_BUILD_DIR}/${FRAMEWORKS_FOLDER_PATH}/GTMSessionFetcher.framework",
				"${TARGET_BUILD_DIR}/${FRAMEWORKS_FOLDER_PATH}/GoogleToolboxForMac.framework",
				"${TARGET_BUILD_DIR}/${FRAMEWORKS_FOLDER_PATH}/Hero.framework",
				"${TARGET_BUILD_DIR}/${FRAMEWORKS_FOLDER_PATH}/JSSAlertView.framework",
				"${TARGET_BUILD_DIR}/${FRAMEWORKS_FOLDER_PATH}/Kingfisher.framework",
				"${TARGET_BUILD_DIR}/${FRAMEWORKS_FOLDER_PATH}/MBProgressHUD.framework",
				"${TARGET_BUILD_DIR}/${FRAMEWORKS_FOLDER_PATH}/Protobuf.framework",
				"${TARGET_BUILD_DIR}/${FRAMEWORKS_FOLDER_PATH}/SCLAlertView.framework",
				"${TARGET_BUILD_DIR}/${FRAMEWORKS_FOLDER_PATH}/Static.framework",
				"${TARGET_BUILD_DIR}/${FRAMEWORKS_FOLDER_PATH}/GRPCClient.framework",
				"${TARGET_BUILD_DIR}/${FRAMEWORKS_FOLDER_PATH}/grpc.framework",
				"${TARGET_BUILD_DIR}/${FRAMEWORKS_FOLDER_PATH}/ProtoRPC.framework",
				"${TARGET_BUILD_DIR}/${FRAMEWORKS_FOLDER_PATH}/RxLibrary.framework",
				"${TARGET_BUILD_DIR}/${FRAMEWORKS_FOLDER_PATH}/leveldb.framework",
				"${TARGET_BUILD_DIR}/${FRAMEWORKS_FOLDER_PATH}/nanopb.framework",
			);
			runOnlyForDeploymentPostprocessing = 0;
			shellPath = /bin/sh;
			shellScript = "\"${SRCROOT}/Pods/Target Support Files/Pods-Blur/Pods-Blur-frameworks.sh\"\n";
			showEnvVarsInLog = 0;
		};
		EE5508FD20550A070073A549 /* ShellScript */ = {
			isa = PBXShellScriptBuildPhase;
			buildActionMask = 2147483647;
			files = (
			);
			inputPaths = (
			);
			outputPaths = (
			);
			runOnlyForDeploymentPostprocessing = 0;
			shellPath = /bin/sh;
			shellScript = "\"${PODS_ROOT}/Fabric/run\"\n";
		};
		EE9B3CCC2073159B00347388 /* ShellScript */ = {
			isa = PBXShellScriptBuildPhase;
			buildActionMask = 2147483647;
			files = (
			);
			inputPaths = (
			);
			outputPaths = (
			);
			runOnlyForDeploymentPostprocessing = 0;
			shellPath = /bin/sh;
			shellScript = "\"${PODS_ROOT}/Fabric/upload-symbols\" -gsp \"${PROJECT_DIR}/Blur/GoogleService-Info-prod.plist\" -p ios \"${DWARF_DSYM_FOLDER_PATH}/${DWARF_DSYM_FILE_NAME}\"\n";
		};
		F0ACD46D990D43506E8AC90E /* [CP] Check Pods Manifest.lock */ = {
			isa = PBXShellScriptBuildPhase;
			buildActionMask = 2147483647;
			files = (
			);
			inputPaths = (
				"${PODS_PODFILE_DIR_PATH}/Podfile.lock",
				"${PODS_ROOT}/Manifest.lock",
			);
			name = "[CP] Check Pods Manifest.lock";
			outputPaths = (
				"$(DERIVED_FILE_DIR)/Pods-Blur-checkManifestLockResult.txt",
			);
			runOnlyForDeploymentPostprocessing = 0;
			shellPath = /bin/sh;
			shellScript = "diff \"${PODS_PODFILE_DIR_PATH}/Podfile.lock\" \"${PODS_ROOT}/Manifest.lock\" > /dev/null\nif [ $? != 0 ] ; then\n    # print error to STDERR\n    echo \"error: The sandbox is not in sync with the Podfile.lock. Run 'pod install' or update your CocoaPods installation.\" >&2\n    exit 1\nfi\n# This output is used by Xcode 'outputs' to avoid re-running this script phase.\necho \"SUCCESS\" > \"${SCRIPT_OUTPUT_FILE_0}\"\n";
			showEnvVarsInLog = 0;
		};
/* End PBXShellScriptBuildPhase section */

/* Begin PBXSourcesBuildPhase section */
		EE78EEF01F0D52C0008662C0 /* Sources */ = {
			isa = PBXSourcesBuildPhase;
			buildActionMask = 2147483647;
			files = (
				EE6CB8361FF731940018453E /* MyAccountHeader.swift in Sources */,
				EE6CB8381FF7B59A0018453E /* MyAccountImageCell.swift in Sources */,
				EE53D49E203E5F370053BBFE /* BlockedController.swift in Sources */,
				EE1D2557203D246200AA36C8 /* EditFullNameController.swift in Sources */,
				EE1AB0A01F107CE1009C011E /* Extension.swift in Sources */,
				EE1AB0A41F11A530009C011E /* AppHUD.swift in Sources */,
				EE33B3E81FD2430C000816D0 /* ChooseUserNameController.swift in Sources */,
				EEE38EC420006BF200C80F7A /* Notification.swift in Sources */,
				EE22F8D120462BD1007F516D /* AnimationHelper.swift in Sources */,
				EE1FF2E01F14303A00340F65 /* MainTabBarController.swift in Sources */,
				EEEDB8602079E8E3009A9D27 /* EULAController.swift in Sources */,
				EEE38EC21FFF68B000C80F7A /* NotificationController.swift in Sources */,
				EE3C2D8E1F91B5DD00DE609F /* AddFriendController.swift in Sources */,
				EEE38EBE1FFB45AB00C80F7A /* SenderImageMessageController.swift in Sources */,
				EEFE528B1F99B61A00F7C1D7 /* NewFriendsRequestController.swift in Sources */,
				EE9E0FAE1FBE89930034E44C /* XWCutGridView.swift in Sources */,
				EE9E0FAD1FBE89930034E44C /* XWMosaicView.swift in Sources */,
				EED8F8C31F67A21200DDD81E /* HomeController.swift in Sources */,
				EE9E0FAB1FBE89930034E44C /* XWCutCircle.swift in Sources */,
				EEDF24FA1FD65C89001FCA84 /* AppTextField.swift in Sources */,
				EE9FE4AA1F611FDD00CF0A71 /* FriendsController.swift in Sources */,
				EE53D4A22042A3950053BBFE /* FIRRef.swift in Sources */,
				EE9E0FB81FBE89930034E44C /* XWCutTool.swift in Sources */,
				EE9E0FB41FBE89930034E44C /* XWImageToolBase.swift in Sources */,
				EEBAF5CC205A261B004917A4 /* ComplimentCell.swift in Sources */,
				EEE38EC82001B45600C80F7A /* CurrentUser.swift in Sources */,
				EE73E9FE1F8B320E00BED900 /* Message.swift in Sources */,
				EE4C0D682047C7C700740CFE /* ChooseLoginSignupController.swift in Sources */,
				EE9E0FB51FBE89930034E44C /* XWMosaicTool.swift in Sources */,
				EE9E0FB31FBE89930034E44C /* XWImageEditorController.swift in Sources */,
				EE6837CE1FAD66FA002E561E /* ReceiverImageMessageController.swift in Sources */,
				EE29A355201AEBFC00EA6112 /* ControlItemView.swift in Sources */,
				EEDA50311F8362090088286A /* PreviewPhotoController.swift in Sources */,
				EE29A357201AF17A00EA6112 /* ControlItemInfo.swift in Sources */,
				EE4F33D31F73BB2300BFC6AF /* TestController.swift in Sources */,
				EEBAF5CA205A230F004917A4 /* Compliment.swift in Sources */,
				EEECC407204FD9F000D520F8 /* GSTimeIntervalPicker.m in Sources */,
				EE9E0FAF1FBE89930034E44C /* XWImageToolInfo.swift in Sources */,
				EEA41A8F1FF71BB300BADA61 /* MyAccountConroller.swift in Sources */,
				EEDA4F741F8098410088286A /* User.swift in Sources */,
				EE78EEFA1F0D52C0008662C0 /* SignUpViewController.swift in Sources */,
				EE334802206B2F3600B18E54 /* AppContactConroller.swift in Sources */,
				EE53D4A0203E6D380053BBFE /* SimpleImageController.swift in Sources */,
				EEE38EC01FFCAD1D00C80F7A /* DatabaseHelper.swift in Sources */,
				EE73E9FC1F8B0D1D00BED900 /* UserFriendCell.swift in Sources */,
				EE9E0FAC1FBE89930034E44C /* XWScaleButton.swift in Sources */,
				EE641EDE1FA9A392000B1105 /* NewFriendsHeader.swift in Sources */,
				EE9E0FB61FBE89930034E44C /* XWToolBarItem.swift in Sources */,
				EE9E0FB01FBE89930034E44C /* XWImageToolProtocol.swift in Sources */,
				EE78EEF81F0D52C0008662C0 /* AppDelegate.swift in Sources */,
				EE26D7541F8F59F50059AA61 /* HomeChatCell.swift in Sources */,
				EEBAF5C8205A1F91004917A4 /* ComplimentsController.swift in Sources */,
				EEDD9914203BC3CB004FB036 /* SettingsController.swift in Sources */,
				EE22F8D320462C11007F516D /* NotificationHelper.swift in Sources */,
				EEDD12D420525A1C007ABF5B /* ContactsController.swift in Sources */,
				EE33EF50204CD8D90074B2BD /* XWEmojiView.swift in Sources */,
				EE9E0FB71FBE89930034E44C /* UIView+Frame.swift in Sources */,
				EEBAF5C62058A564004917A4 /* OtherNotifCell.swift in Sources */,
				EEDA502F1F8219B20088286A /* UserProfileController.swift in Sources */,
				EEFE52891F9981C000F7C1D7 /* TableViewHelper.swift in Sources */,
				EEE38EC62000774300C80F7A /* MessageNotifCell.swift in Sources */,
				EE641EDC1FA99D1D000B1105 /* BadgeHelper.swift in Sources */,
				EEDD12D62052957F007ABF5B /* ContactCell.swift in Sources */,
				EE641EE01FA9A888000B1105 /* NewRequestUserCell.swift in Sources */,
				EEE57DFC204C19FA002CB81C /* XWEmojiTool.swift in Sources */,
				EE9E0FB21FBE89930034E44C /* XWImageEditorTheme.swift in Sources */,
				EE1FF2E41F144BEB00340F65 /* LoginController.swift in Sources */,
				EE8FC5291FAEE0B00097936E /* MessagesPageViewController.swift in Sources */,
				EE1FF2E61F14633800340F65 /* Constants.swift in Sources */,
				EE9E0FB11FBE89930034E44C /* XWCutGridLayer.swift in Sources */,
			);
			runOnlyForDeploymentPostprocessing = 0;
		};
		EE78EF041F0D52C0008662C0 /* Sources */ = {
			isa = PBXSourcesBuildPhase;
			buildActionMask = 2147483647;
			files = (
				EE78EF0D1F0D52C0008662C0 /* BlurTests.swift in Sources */,
			);
			runOnlyForDeploymentPostprocessing = 0;
		};
		EE78EF0F1F0D52C1008662C0 /* Sources */ = {
			isa = PBXSourcesBuildPhase;
			buildActionMask = 2147483647;
			files = (
				EE78EF181F0D52C1008662C0 /* BlurUITests.swift in Sources */,
			);
			runOnlyForDeploymentPostprocessing = 0;
		};
/* End PBXSourcesBuildPhase section */

/* Begin PBXTargetDependency section */
		EE78EF0A1F0D52C0008662C0 /* PBXTargetDependency */ = {
			isa = PBXTargetDependency;
			target = EE78EEF31F0D52C0008662C0 /* Blur */;
			targetProxy = EE78EF091F0D52C0008662C0 /* PBXContainerItemProxy */;
		};
		EE78EF151F0D52C1008662C0 /* PBXTargetDependency */ = {
			isa = PBXTargetDependency;
			target = EE78EEF31F0D52C0008662C0 /* Blur */;
			targetProxy = EE78EF141F0D52C1008662C0 /* PBXContainerItemProxy */;
		};
/* End PBXTargetDependency section */

/* Begin PBXVariantGroup section */
		EE78EEFB1F0D52C0008662C0 /* Main.storyboard */ = {
			isa = PBXVariantGroup;
			children = (
				EE78EEFC1F0D52C0008662C0 /* Base */,
			);
			name = Main.storyboard;
			sourceTree = "<group>";
		};
		EE78EF001F0D52C0008662C0 /* LaunchScreen.storyboard */ = {
			isa = PBXVariantGroup;
			children = (
				EE78EF011F0D52C0008662C0 /* Base */,
			);
			name = LaunchScreen.storyboard;
			sourceTree = "<group>";
		};
/* End PBXVariantGroup section */

/* Begin XCBuildConfiguration section */
		EE78EF1A1F0D52C1008662C0 /* Debug */ = {
			isa = XCBuildConfiguration;
			buildSettings = {
				ALWAYS_SEARCH_USER_PATHS = NO;
				CLANG_ANALYZER_NONNULL = YES;
				CLANG_ANALYZER_NUMBER_OBJECT_CONVERSION = YES_AGGRESSIVE;
				CLANG_CXX_LANGUAGE_STANDARD = "gnu++0x";
				CLANG_CXX_LIBRARY = "libc++";
				CLANG_ENABLE_MODULES = YES;
				CLANG_ENABLE_OBJC_ARC = YES;
				CLANG_WARN_BLOCK_CAPTURE_AUTORELEASING = YES;
				CLANG_WARN_BOOL_CONVERSION = YES;
				CLANG_WARN_COMMA = YES;
				CLANG_WARN_CONSTANT_CONVERSION = YES;
				CLANG_WARN_DEPRECATED_OBJC_IMPLEMENTATIONS = YES;
				CLANG_WARN_DIRECT_OBJC_ISA_USAGE = YES_ERROR;
				CLANG_WARN_DOCUMENTATION_COMMENTS = YES;
				CLANG_WARN_EMPTY_BODY = YES;
				CLANG_WARN_ENUM_CONVERSION = YES;
				CLANG_WARN_INFINITE_RECURSION = YES;
				CLANG_WARN_INT_CONVERSION = YES;
				CLANG_WARN_NON_LITERAL_NULL_CONVERSION = YES;
				CLANG_WARN_OBJC_IMPLICIT_RETAIN_SELF = YES;
				CLANG_WARN_OBJC_LITERAL_CONVERSION = YES;
				CLANG_WARN_OBJC_ROOT_CLASS = YES_ERROR;
				CLANG_WARN_RANGE_LOOP_ANALYSIS = YES;
				CLANG_WARN_STRICT_PROTOTYPES = YES;
				CLANG_WARN_SUSPICIOUS_MOVE = YES;
				CLANG_WARN_UNREACHABLE_CODE = YES;
				CLANG_WARN__DUPLICATE_METHOD_MATCH = YES;
				"CODE_SIGN_IDENTITY[sdk=iphoneos*]" = "iPhone Developer";
				COPY_PHASE_STRIP = NO;
				DEBUG_INFORMATION_FORMAT = dwarf;
				ENABLE_STRICT_OBJC_MSGSEND = YES;
				ENABLE_TESTABILITY = YES;
				GCC_C_LANGUAGE_STANDARD = gnu99;
				GCC_DYNAMIC_NO_PIC = NO;
				GCC_NO_COMMON_BLOCKS = YES;
				GCC_OPTIMIZATION_LEVEL = 0;
				GCC_PREPROCESSOR_DEFINITIONS = (
					"DEBUG=1",
					"$(inherited)",
				);
				GCC_WARN_64_TO_32_BIT_CONVERSION = YES;
				GCC_WARN_ABOUT_RETURN_TYPE = YES_ERROR;
				GCC_WARN_UNDECLARED_SELECTOR = YES;
				GCC_WARN_UNINITIALIZED_AUTOS = YES_AGGRESSIVE;
				GCC_WARN_UNUSED_FUNCTION = YES;
				GCC_WARN_UNUSED_VARIABLE = YES;
				IPHONEOS_DEPLOYMENT_TARGET = 10.3;
				MTL_ENABLE_DEBUG_INFO = YES;
				ONLY_ACTIVE_ARCH = YES;
				SDKROOT = iphoneos;
				SWIFT_ACTIVE_COMPILATION_CONDITIONS = DEBUG;
				SWIFT_OPTIMIZATION_LEVEL = "-Onone";
				SWIFT_SWIFT3_OBJC_INFERENCE = Default;
				TARGETED_DEVICE_FAMILY = "1,2";
			};
			name = Debug;
		};
		EE78EF1B1F0D52C1008662C0 /* Release */ = {
			isa = XCBuildConfiguration;
			buildSettings = {
				ALWAYS_SEARCH_USER_PATHS = NO;
				CLANG_ANALYZER_NONNULL = YES;
				CLANG_ANALYZER_NUMBER_OBJECT_CONVERSION = YES_AGGRESSIVE;
				CLANG_CXX_LANGUAGE_STANDARD = "gnu++0x";
				CLANG_CXX_LIBRARY = "libc++";
				CLANG_ENABLE_MODULES = YES;
				CLANG_ENABLE_OBJC_ARC = YES;
				CLANG_WARN_BLOCK_CAPTURE_AUTORELEASING = YES;
				CLANG_WARN_BOOL_CONVERSION = YES;
				CLANG_WARN_COMMA = YES;
				CLANG_WARN_CONSTANT_CONVERSION = YES;
				CLANG_WARN_DEPRECATED_OBJC_IMPLEMENTATIONS = YES;
				CLANG_WARN_DIRECT_OBJC_ISA_USAGE = YES_ERROR;
				CLANG_WARN_DOCUMENTATION_COMMENTS = YES;
				CLANG_WARN_EMPTY_BODY = YES;
				CLANG_WARN_ENUM_CONVERSION = YES;
				CLANG_WARN_INFINITE_RECURSION = YES;
				CLANG_WARN_INT_CONVERSION = YES;
				CLANG_WARN_NON_LITERAL_NULL_CONVERSION = YES;
				CLANG_WARN_OBJC_IMPLICIT_RETAIN_SELF = YES;
				CLANG_WARN_OBJC_LITERAL_CONVERSION = YES;
				CLANG_WARN_OBJC_ROOT_CLASS = YES_ERROR;
				CLANG_WARN_RANGE_LOOP_ANALYSIS = YES;
				CLANG_WARN_STRICT_PROTOTYPES = YES;
				CLANG_WARN_SUSPICIOUS_MOVE = YES;
				CLANG_WARN_UNREACHABLE_CODE = YES;
				CLANG_WARN__DUPLICATE_METHOD_MATCH = YES;
				"CODE_SIGN_IDENTITY[sdk=iphoneos*]" = "iPhone Developer";
				COPY_PHASE_STRIP = NO;
				DEBUG_INFORMATION_FORMAT = "dwarf-with-dsym";
				ENABLE_NS_ASSERTIONS = NO;
				ENABLE_STRICT_OBJC_MSGSEND = YES;
				GCC_C_LANGUAGE_STANDARD = gnu99;
				GCC_NO_COMMON_BLOCKS = YES;
				GCC_WARN_64_TO_32_BIT_CONVERSION = YES;
				GCC_WARN_ABOUT_RETURN_TYPE = YES_ERROR;
				GCC_WARN_UNDECLARED_SELECTOR = YES;
				GCC_WARN_UNINITIALIZED_AUTOS = YES_AGGRESSIVE;
				GCC_WARN_UNUSED_FUNCTION = YES;
				GCC_WARN_UNUSED_VARIABLE = YES;
				IPHONEOS_DEPLOYMENT_TARGET = 10.3;
				MTL_ENABLE_DEBUG_INFO = NO;
				SDKROOT = iphoneos;
				SWIFT_OPTIMIZATION_LEVEL = "-Owholemodule";
				SWIFT_SWIFT3_OBJC_INFERENCE = Default;
				TARGETED_DEVICE_FAMILY = "1,2";
				VALIDATE_PRODUCT = YES;
			};
			name = Release;
		};
		EE78EF1D1F0D52C1008662C0 /* Debug */ = {
			isa = XCBuildConfiguration;
			baseConfigurationReference = EBE10876147444CE62B1B0F8 /* Pods-Blur.debug.xcconfig */;
			buildSettings = {
				ASSETCATALOG_COMPILER_APPICON_NAME = AppIcon;
				CLANG_ENABLE_MODULES = YES;
				CODE_SIGN_ENTITLEMENTS = Blur/Blur.entitlements;
				"CODE_SIGN_IDENTITY[sdk=iphoneos*]" = "iPhone Developer";
				CODE_SIGN_STYLE = Automatic;
				DEBUG_INFORMATION_FORMAT = "dwarf-with-dsym";
				DEVELOPMENT_TEAM = S5TTSBD3PN;
				INFOPLIST_FILE = Blur/Info.plist;
				IPHONEOS_DEPLOYMENT_TARGET = 10.3;
				LD_RUNPATH_SEARCH_PATHS = "$(inherited) @executable_path/Frameworks";
				"OTHER_SWIFT_FLAGS[arch=*]" = "-DDEBUG";
				PRODUCT_BUNDLE_IDENTIFIER = com.xiandongwang.hidingchatApp;
				PRODUCT_NAME = "$(TARGET_NAME)";
				PROVISIONING_PROFILE_SPECIFIER = "";
				STRIP_STYLE = "non-global";
				SWIFT_OBJC_BRIDGING_HEADER = "Blur/Blur-Bridging-Header.h";
				SWIFT_OPTIMIZATION_LEVEL = "-Owholemodule";
				SWIFT_SWIFT3_OBJC_INFERENCE = Default;
				SWIFT_VERSION = 4.0;
				TARGETED_DEVICE_FAMILY = 1;
			};
			name = Debug;
		};
		EE78EF1E1F0D52C1008662C0 /* Release */ = {
			isa = XCBuildConfiguration;
			baseConfigurationReference = DFAF0C7D0360B7E25B549EA7 /* Pods-Blur.release.xcconfig */;
			buildSettings = {
				ASSETCATALOG_COMPILER_APPICON_NAME = AppIcon;
				CLANG_ENABLE_MODULES = YES;
				CODE_SIGN_ENTITLEMENTS = Blur/Blur.entitlements;
				"CODE_SIGN_IDENTITY[sdk=iphoneos*]" = "iPhone Developer";
				CODE_SIGN_STYLE = Automatic;
				DEVELOPMENT_TEAM = S5TTSBD3PN;
				INFOPLIST_FILE = Blur/Info.plist;
				IPHONEOS_DEPLOYMENT_TARGET = 10.3;
				LD_RUNPATH_SEARCH_PATHS = "$(inherited) @executable_path/Frameworks";
				"OTHER_SWIFT_FLAGS[arch=*]" = "-DRELEASE";
				PRODUCT_BUNDLE_IDENTIFIER = com.xiandongwang.hidingchatApp;
				PRODUCT_NAME = "$(TARGET_NAME)";
				PROVISIONING_PROFILE_SPECIFIER = "";
				STRIP_STYLE = "non-global";
				SWIFT_OBJC_BRIDGING_HEADER = "Blur/Blur-Bridging-Header.h";
				SWIFT_OPTIMIZATION_LEVEL = "-Owholemodule";
				SWIFT_SWIFT3_OBJC_INFERENCE = Default;
				SWIFT_VERSION = 4.0;
				TARGETED_DEVICE_FAMILY = 1;
			};
			name = Release;
		};
		EE78EF201F0D52C1008662C0 /* Debug */ = {
			isa = XCBuildConfiguration;
			buildSettings = {
				ALWAYS_EMBED_SWIFT_STANDARD_LIBRARIES = YES;
				BUNDLE_LOADER = "$(TEST_HOST)";
				INFOPLIST_FILE = BlurTests/Info.plist;
				LD_RUNPATH_SEARCH_PATHS = "$(inherited) @executable_path/Frameworks @loader_path/Frameworks";
				PRODUCT_BUNDLE_IDENTIFIER = com.xiandongwang.blur.BlurTests;
				PRODUCT_NAME = "$(TARGET_NAME)";
				SWIFT_SWIFT3_OBJC_INFERENCE = On;
				SWIFT_VERSION = 4.0;
				TEST_HOST = "$(BUILT_PRODUCTS_DIR)/Blur.app/Blur";
			};
			name = Debug;
		};
		EE78EF211F0D52C1008662C0 /* Release */ = {
			isa = XCBuildConfiguration;
			buildSettings = {
				ALWAYS_EMBED_SWIFT_STANDARD_LIBRARIES = YES;
				BUNDLE_LOADER = "$(TEST_HOST)";
				INFOPLIST_FILE = BlurTests/Info.plist;
				LD_RUNPATH_SEARCH_PATHS = "$(inherited) @executable_path/Frameworks @loader_path/Frameworks";
				PRODUCT_BUNDLE_IDENTIFIER = com.xiandongwang.blur.BlurTests;
				PRODUCT_NAME = "$(TARGET_NAME)";
				SWIFT_SWIFT3_OBJC_INFERENCE = On;
				SWIFT_VERSION = 4.0;
				TEST_HOST = "$(BUILT_PRODUCTS_DIR)/Blur.app/Blur";
			};
			name = Release;
		};
		EE78EF231F0D52C1008662C0 /* Debug */ = {
			isa = XCBuildConfiguration;
			buildSettings = {
				ALWAYS_EMBED_SWIFT_STANDARD_LIBRARIES = YES;
				INFOPLIST_FILE = BlurUITests/Info.plist;
				LD_RUNPATH_SEARCH_PATHS = "$(inherited) @executable_path/Frameworks @loader_path/Frameworks";
				PRODUCT_BUNDLE_IDENTIFIER = com.xiandongwang.blur.BlurUITests;
				PRODUCT_NAME = "$(TARGET_NAME)";
				SWIFT_SWIFT3_OBJC_INFERENCE = On;
				SWIFT_VERSION = 4.0;
				TEST_TARGET_NAME = Blur;
			};
			name = Debug;
		};
		EE78EF241F0D52C1008662C0 /* Release */ = {
			isa = XCBuildConfiguration;
			buildSettings = {
				ALWAYS_EMBED_SWIFT_STANDARD_LIBRARIES = YES;
				INFOPLIST_FILE = BlurUITests/Info.plist;
				LD_RUNPATH_SEARCH_PATHS = "$(inherited) @executable_path/Frameworks @loader_path/Frameworks";
				PRODUCT_BUNDLE_IDENTIFIER = com.xiandongwang.blur.BlurUITests;
				PRODUCT_NAME = "$(TARGET_NAME)";
				SWIFT_SWIFT3_OBJC_INFERENCE = On;
				SWIFT_VERSION = 4.0;
				TEST_TARGET_NAME = Blur;
			};
			name = Release;
		};
/* End XCBuildConfiguration section */

/* Begin XCConfigurationList section */
		EE78EEEF1F0D52C0008662C0 /* Build configuration list for PBXProject "Blur" */ = {
			isa = XCConfigurationList;
			buildConfigurations = (
				EE78EF1A1F0D52C1008662C0 /* Debug */,
				EE78EF1B1F0D52C1008662C0 /* Release */,
			);
			defaultConfigurationIsVisible = 0;
			defaultConfigurationName = Release;
		};
		EE78EF1C1F0D52C1008662C0 /* Build configuration list for PBXNativeTarget "Blur" */ = {
			isa = XCConfigurationList;
			buildConfigurations = (
				EE78EF1D1F0D52C1008662C0 /* Debug */,
				EE78EF1E1F0D52C1008662C0 /* Release */,
			);
			defaultConfigurationIsVisible = 0;
			defaultConfigurationName = Release;
		};
		EE78EF1F1F0D52C1008662C0 /* Build configuration list for PBXNativeTarget "BlurTests" */ = {
			isa = XCConfigurationList;
			buildConfigurations = (
				EE78EF201F0D52C1008662C0 /* Debug */,
				EE78EF211F0D52C1008662C0 /* Release */,
			);
			defaultConfigurationIsVisible = 0;
			defaultConfigurationName = Release;
		};
		EE78EF221F0D52C1008662C0 /* Build configuration list for PBXNativeTarget "BlurUITests" */ = {
			isa = XCConfigurationList;
			buildConfigurations = (
				EE78EF231F0D52C1008662C0 /* Debug */,
				EE78EF241F0D52C1008662C0 /* Release */,
			);
			defaultConfigurationIsVisible = 0;
			defaultConfigurationName = Release;
		};
/* End XCConfigurationList section */
	};
	rootObject = EE78EEEC1F0D52C0008662C0 /* Project object */;
}
